
Microsoft Visual Studio Solution File, Format Version 10.00
# Visual C++ Express 2008
Project("{8BC9CEB8-8B4A-11D0-8D11-00A0C91BC942}") = "GL_warp2Avi", "GL_warp2Avi.vcproj", "{652EB7E8-072C-413D-8FB8-85F46B3058E4}"
EndProject
Global
	GlobalSection(SolutionConfigurationPlatforms) = preSolution
		Debug|Win32 = Debug|Win32
		Release|Win32 = Release|Win32
	EndGlobalSection
	GlobalSection(ProjectConfigurationPlatforms) = postSolution
		{652EB7E8-072C-413D-8FB8-85F46B3058E4}.Debug|Win32.ActiveCfg = Debug|Win32
		{652EB7E8-072C-413D-8FB8-85F46B3058E4}.Debug|Win32.Build.0 = Debug|Win32
		{652EB7E8-072C-413D-8FB8-85F46B3058E4}.Release|Win32.ActiveCfg = Release|Win32
		{652EB7E8-072C-413D-8FB8-85F46B3058E4}.Release|Win32.Build.0 = Release|Win32
	EndGlobalSection
	GlobalSection(SolutionProperties) = preSolution
		HideSolutionNode = FALSE
	EndGlobalSection
EndGlobal
